<?xml version="1.0" encoding="utf-8"?>
<Project ToolsVersion="4.0" xmlns="http://schemas.microsoft.com/developer/msbuild/2003">
  <ItemGroup>
    <ClCompile Include="src\MIDIProcessorTST.cpp" />
    <ClCompile Include="src\pch.cpp" />
    <ClCompile Include="src\MIDIContainer.cpp" />
    <ClCompile Include="src\MIDIProcessorGMF.cpp" />
    <ClCompile Include="src\MIDIProcessor.cpp" />
    <ClCompile Include="src\MIDIProcessorHMI.cpp" />
    <ClCompile Include="src\MIDIProcessorHMP.cpp" />
    <ClCompile Include="src\MIDIProcessorLDS.cpp" />
    <ClCompile Include="src\MIDIProcessorMDS.cpp" />
    <ClCompile Include="src\MIDIProcessorMMF.cpp" />
    <ClCompile Include="src\MIDIProcessorMUS.cpp" />
    <ClCompile Include="src\MIDIProcessorRCP.cpp" />
    <ClCompile Include="src\MIDIProcessorRMI.cpp" />
    <ClCompile Include="src\MIDIProcessorSMF.cpp" />
    <ClCompile Include="src\MIDIProcessorXMF.cpp" />
    <ClCompile Include="src\MIDIProcessorXMI.cpp" />
    <ClCompile Include="src\Recomposer\CM6File.cpp" />
    <ClCompile Include="src\Recomposer\GSDFile.cpp" />
    <ClCompile Include="src\Recomposer\MIDIStream.cpp" />
    <ClCompile Include="src\Recomposer\RCP.cpp" />
    <ClCompile Include="src\Recomposer\RCPConverter.cpp" />
    <ClCompile Include="src\Recomposer\RunningNotes.cpp" />
    <ClCompile Include="src\Recomposer\Support.cpp" />
    <ClCompile Include="src\SMAF\MMF.cpp" />
    <ClCompile Include="src\SysEx.cpp" />
    <ClCompile Include="src\Tables.cpp" />
    <ClCompile Include="src\libmidi.cpp" />
  </ItemGroup>
  <ItemGroup>
    <ClInclude Include="src\Exception.h" />
    <ClInclude Include="src\pch.h" />
    <ClInclude Include="src\IFF.h" />
    <ClInclude Include="src\MIDI.h" />
    <ClInclude Include="src\MIDIContainer.h" />
    <ClInclude Include="src\Range.h" />
    <ClInclude Include="src\MIDIProcessor.h" />
    <ClInclude Include="src\Recomposer\MIDIStream.h" />
    <ClInclude Include="src\Recomposer\RCP.h" />
    <ClInclude Include="src\Recomposer\RunningNotes.h" />
    <ClInclude Include="src\Recomposer\Support.h" />
    <ClInclude Include="src\SMAF\MMF.h" />
    <ClInclude Include="src\SysEx.h" />
    <ClInclude Include="src\Tables.h" />
    <ClInclude Include="include\libmidi.h" />
  </ItemGroup>
  <ItemGroup>
    <None Include="README.md" />
    <None Include="LICENSE" />
    <None Include="src\cpp.hint" />
  </ItemGroup>
</Project>