<?xml version="1.0" encoding="utf-8"?>
<Project ToolsVersion="4.0" xmlns="http://schemas.microsoft.com/developer/msbuild/2003">
  <ItemGroup>
    <ClCompile Include="MIDIContainer.cpp" />
    <ClCompile Include="MIDIProcessorGMF.cpp" />
    <ClCompile Include="MIDIProcessor.cpp" />
    <ClCompile Include="MIDIProcessorHMI.cpp" />
    <ClCompile Include="MIDIProcessorHMP.cpp" />
    <ClCompile Include="MIDIProcessorLDS.cpp" />
    <ClCompile Include="MIDIProcessorMDS.cpp" />
    <ClCompile Include="MIDIProcessorMUS.cpp" />
    <ClCompile Include="MIDIProcessorRMI.cpp" />
    <ClCompile Include="MIDIProcessorSMF.cpp" />
    <ClCompile Include="MIDIProcessorXMI.cpp" />
    <ClCompile Include="MIDIProcessorRCP.cpp" />
    <ClCompile Include="Recomposer\CM6File.cpp" />
    <ClCompile Include="Recomposer\GSDFile.cpp" />
    <ClCompile Include="Recomposer\MIDIStream.cpp" />
    <ClCompile Include="Recomposer\RCP.cpp" />
    <ClCompile Include="Recomposer\RCPConverter.cpp" />
    <ClCompile Include="Recomposer\RunningNotes.cpp" />
    <ClCompile Include="Recomposer\Support.cpp" />
    <ClCompile Include="pch.cpp" />
    <ClCompile Include="Encoding.cpp" />
    <ClCompile Include="MIDIProcessorXMF.cpp" />
    <ClCompile Include="MIDIProcessorMMF.cpp" />
    <ClCompile Include="SMAF\MMF.cpp" />
    <ClCompile Include="MIDIProcessorTST.cpp" />
    <ClCompile Include="SysEx.cpp" />
  </ItemGroup>
  <ItemGroup>
    <ClInclude Include="MIDIContainer.h" />
    <ClInclude Include="MIDIProcessor.h" />
    <ClInclude Include="Range.h" />
    <ClInclude Include="MIDI.h" />
    <ClInclude Include="Recomposer\MIDIStream.h" />
    <ClInclude Include="Recomposer\RCP.h" />
    <ClInclude Include="Recomposer\RunningNotes.h" />
    <ClInclude Include="Recomposer\Support.h" />
    <ClInclude Include="pch.h" />
    <ClInclude Include="Encoding.h" />
    <ClInclude Include="Exception.h" />
    <ClInclude Include="IFF.h" />
    <ClInclude Include="Support.h" />
    <ClInclude Include="SMAF\MMF.h" />
    <ClInclude Include="SysEx.h" />
  </ItemGroup>
  <ItemGroup>
    <None Include="README.md" />
    <None Include="LICENSE" />
  </ItemGroup>
</Project>