<?xml version="1.0" encoding="utf-8"?>
<Project ToolsVersion="4.0" xmlns="http://schemas.microsoft.com/developer/msbuild/2003">
  <ItemGroup>
    <ClCompile Include="Process.cpp" />
    <ClCompile Include="main.cpp" />
    <ClCompile Include="Tracks.cpp" />
    <ClCompile Include="Stream.cpp" />
    <ClCompile Include="Messages.cpp" />
    <ClCompile Include="Cakewalk.cpp" />
  </ItemGroup>
  <ItemGroup>
    <None Include="LICENSE" />
  </ItemGroup>
  <ItemGroup>
    <ClInclude Include="Messages.h" />
    <ClInclude Include="Cakewalk.h" />
  </ItemGroup>
</Project>